
Microsoft Visual Studio Solution File, Format Version 12.00
# Visual Studio Version 16
VisualStudioVersion = 16.0.30621.155
MinimumVisualStudioVersion = 10.0.40219.1
Project("{FAE04EC0-301F-11D3-BF4B-00C04F79EFBC}") = "desktop-travel-agency", "desktop-development\desktop-travel-agency.csproj", "{D34623A9-9BC6-402B-B77E-86DF12B7C89D}"
EndProject
Project("{2150E333-8FDC-42A3-9474-1A3956D46DE8}") = "programming-development", "programming-development", "{666DC695-129A-4B29-A81A-1351EEB7B474}"
EndProject
Project("{FAE04EC0-301F-11D3-BF4B-00C04F79EFBC}") = "desktop-newspeper-read", "desktop-newspeper-read\desktop-newspeper-read.csproj", "{60E80AAA-5E83-49B5-B065-7F96776BFC5E}"
EndProject
Project("{FAE04EC0-301F-11D3-BF4B-00C04F79EFBC}") = "desktop-web-browser", "desktop-web-browser\desktop-web-browser.csproj", "{DDEC41AD-2023-4AFC-B96D-9C13C6705EB1}"
EndProject
Project("{FAE04EC0-301F-11D3-BF4B-00C04F79EFBC}") = "desktop-pizza-line", "desktop-pizza-line\desktop-pizza-line.csproj", "{6D3F536D-8988-40B8-BA77-86D4A98FD2E9}"
EndProject
Project("{FAE04EC0-301F-11D3-BF4B-00C04F79EFBC}") = "desktop-yks-point", "desktop-ygs-point\desktop-yks-point.csproj", "{A97A66D2-A212-4649-B29E-2091AD2F435B}"
EndProject
Project("{FAE04EC0-301F-11D3-BF4B-00C04F79EFBC}") = "desktop-soccer-league", "desktop-soccer-league\desktop-soccer-league.csproj", "{64D1E568-897D-465C-A056-E3980BB5482F}"
EndProject
Project("{FAE04EC0-301F-11D3-BF4B-00C04F79EFBC}") = "desktop-stay-in-shape", "desktop-stay-in-shape\desktop-stay-in-shape.csproj", "{0AA3E5B5-9D4D-4EB0-A78F-AB6B24DA6142}"
EndProject
Project("{FAE04EC0-301F-11D3-BF4B-00C04F79EFBC}") = "desktop-music-player", "desktop-music-player\desktop-music-player.csproj", "{22A59351-1A2B-4007-8B00-7EFA05947EB2}"
EndProject
Project("{FAE04EC0-301F-11D3-BF4B-00C04F79EFBC}") = "desktop-psychological-analysis", "desktop-psychological-analysis\desktop-psychological-analysis.csproj", "{29AF6AAC-D0C3-46E5-BA3D-9CE110290E67}"
EndProject
Project("{FAE04EC0-301F-11D3-BF4B-00C04F79EFBC}") = "desktop-graphic-operations", "desktop-graphic-operations\desktop-graphic-operations.csproj", "{642B305D-F82C-4DA4-B3B1-F1F54F8BD43D}"
EndProject
Project("{FAE04EC0-301F-11D3-BF4B-00C04F79EFBC}") = "desktop-word-excel", "desktop-word-excel-pdf\desktop-word-excel.csproj", "{FC9B7CAF-E9BD-428C-A2BA-6A1AB7C61B7C}"
EndProject
Project("{FAE04EC0-301F-11D3-BF4B-00C04F79EFBC}") = "desktop-exchange-rate", "desktop-exchange-rate\desktop-exchange-rate.csproj", "{F8871B47-E4F2-4648-AD26-6CFC2105B1E9}"
EndProject
Project("{FAE04EC0-301F-11D3-BF4B-00C04F79EFBC}") = "desktop-html-agility-pack", "desktop-character-validation\desktop-html-agility-pack.csproj", "{E99C637F-24A0-4D3A-90AE-3AD3A32AE69C}"
EndProject
Project("{FAE04EC0-301F-11D3-BF4B-00C04F79EFBC}") = "desktop-sent-mail", "desktop-sent-mail\desktop-sent-mail.csproj", "{D27C515D-B193-4BDF-9F69-E86185F2B7A3}"
EndProject
Project("{FAE04EC0-301F-11D3-BF4B-00C04F79EFBC}") = "desktop-google-translate", "desktop-google-translate\desktop-google-translate.csproj", "{8F3E6BFD-35B1-45D9-951E-C92B4899182C}"
EndProject
Project("{FAE04EC0-301F-11D3-BF4B-00C04F79EFBC}") = "desktop-Database-to-Chart", "desktop-Database-to-Chart\desktop-Database-to-Chart.csproj", "{D1AE5458-29C1-4631-B0BF-C94016A5D7D0}"
EndProject
Global
	GlobalSection(SolutionConfigurationPlatforms) = preSolution
		Debug|Any CPU = Debug|Any CPU
		Release|Any CPU = Release|Any CPU
	EndGlobalSection
	GlobalSection(ProjectConfigurationPlatforms) = postSolution
		{D34623A9-9BC6-402B-B77E-86DF12B7C89D}.Debug|Any CPU.ActiveCfg = Debug|Any CPU
		{D34623A9-9BC6-402B-B77E-86DF12B7C89D}.Debug|Any CPU.Build.0 = Debug|Any CPU
		{D34623A9-9BC6-402B-B77E-86DF12B7C89D}.Release|Any CPU.ActiveCfg = Release|Any CPU
		{D34623A9-9BC6-402B-B77E-86DF12B7C89D}.Release|Any CPU.Build.0 = Release|Any CPU
		{60E80AAA-5E83-49B5-B065-7F96776BFC5E}.Debug|Any CPU.ActiveCfg = Debug|Any CPU
		{60E80AAA-5E83-49B5-B065-7F96776BFC5E}.Debug|Any CPU.Build.0 = Debug|Any CPU
		{60E80AAA-5E83-49B5-B065-7F96776BFC5E}.Release|Any CPU.ActiveCfg = Release|Any CPU
		{60E80AAA-5E83-49B5-B065-7F96776BFC5E}.Release|Any CPU.Build.0 = Release|Any CPU
		{DDEC41AD-2023-4AFC-B96D-9C13C6705EB1}.Debug|Any CPU.ActiveCfg = Debug|Any CPU
		{DDEC41AD-2023-4AFC-B96D-9C13C6705EB1}.Debug|Any CPU.Build.0 = Debug|Any CPU
		{DDEC41AD-2023-4AFC-B96D-9C13C6705EB1}.Release|Any CPU.ActiveCfg = Release|Any CPU
		{DDEC41AD-2023-4AFC-B96D-9C13C6705EB1}.Release|Any CPU.Build.0 = Release|Any CPU
		{6D3F536D-8988-40B8-BA77-86D4A98FD2E9}.Debug|Any CPU.ActiveCfg = Debug|Any CPU
		{6D3F536D-8988-40B8-BA77-86D4A98FD2E9}.Debug|Any CPU.Build.0 = Debug|Any CPU
		{6D3F536D-8988-40B8-BA77-86D4A98FD2E9}.Release|Any CPU.ActiveCfg = Release|Any CPU
		{6D3F536D-8988-40B8-BA77-86D4A98FD2E9}.Release|Any CPU.Build.0 = Release|Any CPU
		{A97A66D2-A212-4649-B29E-2091AD2F435B}.Debug|Any CPU.ActiveCfg = Debug|Any CPU
		{A97A66D2-A212-4649-B29E-2091AD2F435B}.Debug|Any CPU.Build.0 = Debug|Any CPU
		{A97A66D2-A212-4649-B29E-2091AD2F435B}.Release|Any CPU.ActiveCfg = Release|Any CPU
		{A97A66D2-A212-4649-B29E-2091AD2F435B}.Release|Any CPU.Build.0 = Release|Any CPU
		{64D1E568-897D-465C-A056-E3980BB5482F}.Debug|Any CPU.ActiveCfg = Debug|Any CPU
		{64D1E568-897D-465C-A056-E3980BB5482F}.Debug|Any CPU.Build.0 = Debug|Any CPU
		{64D1E568-897D-465C-A056-E3980BB5482F}.Release|Any CPU.ActiveCfg = Release|Any CPU
		{64D1E568-897D-465C-A056-E3980BB5482F}.Release|Any CPU.Build.0 = Release|Any CPU
		{0AA3E5B5-9D4D-4EB0-A78F-AB6B24DA6142}.Debug|Any CPU.ActiveCfg = Debug|Any CPU
		{0AA3E5B5-9D4D-4EB0-A78F-AB6B24DA6142}.Debug|Any CPU.Build.0 = Debug|Any CPU
		{0AA3E5B5-9D4D-4EB0-A78F-AB6B24DA6142}.Release|Any CPU.ActiveCfg = Release|Any CPU
		{0AA3E5B5-9D4D-4EB0-A78F-AB6B24DA6142}.Release|Any CPU.Build.0 = Release|Any CPU
		{22A59351-1A2B-4007-8B00-7EFA05947EB2}.Debug|Any CPU.ActiveCfg = Debug|Any CPU
		{22A59351-1A2B-4007-8B00-7EFA05947EB2}.Debug|Any CPU.Build.0 = Debug|Any CPU
		{22A59351-1A2B-4007-8B00-7EFA05947EB2}.Release|Any CPU.ActiveCfg = Release|Any CPU
		{22A59351-1A2B-4007-8B00-7EFA05947EB2}.Release|Any CPU.Build.0 = Release|Any CPU
		{29AF6AAC-D0C3-46E5-BA3D-9CE110290E67}.Debug|Any CPU.ActiveCfg = Debug|Any CPU
		{29AF6AAC-D0C3-46E5-BA3D-9CE110290E67}.Debug|Any CPU.Build.0 = Debug|Any CPU
		{29AF6AAC-D0C3-46E5-BA3D-9CE110290E67}.Release|Any CPU.ActiveCfg = Release|Any CPU
		{29AF6AAC-D0C3-46E5-BA3D-9CE110290E67}.Release|Any CPU.Build.0 = Release|Any CPU
		{642B305D-F82C-4DA4-B3B1-F1F54F8BD43D}.Debug|Any CPU.ActiveCfg = Debug|Any CPU
		{642B305D-F82C-4DA4-B3B1-F1F54F8BD43D}.Debug|Any CPU.Build.0 = Debug|Any CPU
		{642B305D-F82C-4DA4-B3B1-F1F54F8BD43D}.Release|Any CPU.ActiveCfg = Release|Any CPU
		{642B305D-F82C-4DA4-B3B1-F1F54F8BD43D}.Release|Any CPU.Build.0 = Release|Any CPU
		{FC9B7CAF-E9BD-428C-A2BA-6A1AB7C61B7C}.Debug|Any CPU.ActiveCfg = Debug|Any CPU
		{FC9B7CAF-E9BD-428C-A2BA-6A1AB7C61B7C}.Debug|Any CPU.Build.0 = Debug|Any CPU
		{FC9B7CAF-E9BD-428C-A2BA-6A1AB7C61B7C}.Release|Any CPU.ActiveCfg = Release|Any CPU
		{FC9B7CAF-E9BD-428C-A2BA-6A1AB7C61B7C}.Release|Any CPU.Build.0 = Release|Any CPU
		{F8871B47-E4F2-4648-AD26-6CFC2105B1E9}.Debug|Any CPU.ActiveCfg = Debug|Any CPU
		{F8871B47-E4F2-4648-AD26-6CFC2105B1E9}.Debug|Any CPU.Build.0 = Debug|Any CPU
		{F8871B47-E4F2-4648-AD26-6CFC2105B1E9}.Release|Any CPU.ActiveCfg = Release|Any CPU
		{F8871B47-E4F2-4648-AD26-6CFC2105B1E9}.Release|Any CPU.Build.0 = Release|Any CPU
		{E99C637F-24A0-4D3A-90AE-3AD3A32AE69C}.Debug|Any CPU.ActiveCfg = Debug|Any CPU
		{E99C637F-24A0-4D3A-90AE-3AD3A32AE69C}.Debug|Any CPU.Build.0 = Debug|Any CPU
		{E99C637F-24A0-4D3A-90AE-3AD3A32AE69C}.Release|Any CPU.ActiveCfg = Release|Any CPU
		{E99C637F-24A0-4D3A-90AE-3AD3A32AE69C}.Release|Any CPU.Build.0 = Release|Any CPU
		{D27C515D-B193-4BDF-9F69-E86185F2B7A3}.Debug|Any CPU.ActiveCfg = Debug|Any CPU
		{D27C515D-B193-4BDF-9F69-E86185F2B7A3}.Debug|Any CPU.Build.0 = Debug|Any CPU
		{D27C515D-B193-4BDF-9F69-E86185F2B7A3}.Release|Any CPU.ActiveCfg = Release|Any CPU
		{D27C515D-B193-4BDF-9F69-E86185F2B7A3}.Release|Any CPU.Build.0 = Release|Any CPU
		{8F3E6BFD-35B1-45D9-951E-C92B4899182C}.Debug|Any CPU.ActiveCfg = Debug|Any CPU
		{8F3E6BFD-35B1-45D9-951E-C92B4899182C}.Debug|Any CPU.Build.0 = Debug|Any CPU
		{8F3E6BFD-35B1-45D9-951E-C92B4899182C}.Release|Any CPU.ActiveCfg = Release|Any CPU
		{8F3E6BFD-35B1-45D9-951E-C92B4899182C}.Release|Any CPU.Build.0 = Release|Any CPU
		{D1AE5458-29C1-4631-B0BF-C94016A5D7D0}.Debug|Any CPU.ActiveCfg = Debug|Any CPU
		{D1AE5458-29C1-4631-B0BF-C94016A5D7D0}.Debug|Any CPU.Build.0 = Debug|Any CPU
		{D1AE5458-29C1-4631-B0BF-C94016A5D7D0}.Release|Any CPU.ActiveCfg = Release|Any CPU
		{D1AE5458-29C1-4631-B0BF-C94016A5D7D0}.Release|Any CPU.Build.0 = Release|Any CPU
	EndGlobalSection
	GlobalSection(SolutionProperties) = preSolution
		HideSolutionNode = FALSE
	EndGlobalSection
	GlobalSection(NestedProjects) = preSolution
		{D34623A9-9BC6-402B-B77E-86DF12B7C89D} = {666DC695-129A-4B29-A81A-1351EEB7B474}
		{60E80AAA-5E83-49B5-B065-7F96776BFC5E} = {666DC695-129A-4B29-A81A-1351EEB7B474}
		{DDEC41AD-2023-4AFC-B96D-9C13C6705EB1} = {666DC695-129A-4B29-A81A-1351EEB7B474}
		{6D3F536D-8988-40B8-BA77-86D4A98FD2E9} = {666DC695-129A-4B29-A81A-1351EEB7B474}
		{A97A66D2-A212-4649-B29E-2091AD2F435B} = {666DC695-129A-4B29-A81A-1351EEB7B474}
		{64D1E568-897D-465C-A056-E3980BB5482F} = {666DC695-129A-4B29-A81A-1351EEB7B474}
		{0AA3E5B5-9D4D-4EB0-A78F-AB6B24DA6142} = {666DC695-129A-4B29-A81A-1351EEB7B474}
		{22A59351-1A2B-4007-8B00-7EFA05947EB2} = {666DC695-129A-4B29-A81A-1351EEB7B474}
		{29AF6AAC-D0C3-46E5-BA3D-9CE110290E67} = {666DC695-129A-4B29-A81A-1351EEB7B474}
		{642B305D-F82C-4DA4-B3B1-F1F54F8BD43D} = {666DC695-129A-4B29-A81A-1351EEB7B474}
		{FC9B7CAF-E9BD-428C-A2BA-6A1AB7C61B7C} = {666DC695-129A-4B29-A81A-1351EEB7B474}
		{F8871B47-E4F2-4648-AD26-6CFC2105B1E9} = {666DC695-129A-4B29-A81A-1351EEB7B474}
		{E99C637F-24A0-4D3A-90AE-3AD3A32AE69C} = {666DC695-129A-4B29-A81A-1351EEB7B474}
		{D27C515D-B193-4BDF-9F69-E86185F2B7A3} = {666DC695-129A-4B29-A81A-1351EEB7B474}
		{8F3E6BFD-35B1-45D9-951E-C92B4899182C} = {666DC695-129A-4B29-A81A-1351EEB7B474}
		{D1AE5458-29C1-4631-B0BF-C94016A5D7D0} = {666DC695-129A-4B29-A81A-1351EEB7B474}
	EndGlobalSection
	GlobalSection(ExtensibilityGlobals) = postSolution
		SolutionGuid = {6BE21AAA-5730-4968-9AA5-F0798970177A}
	EndGlobalSection
EndGlobal
